// !$*UTF8*$!
{
	archiveVersion = 1;
	classes = {
	};
	objectVersion = 46;
	objects = {

/* Begin PBXBuildFile section */
		6FDFCFF11CBE80F700EEA71A /* AppDelegate.swift in Sources */ = {isa = PBXBuildFile; fileRef = 6FDFCFF01CBE80F700EEA71A /* AppDelegate.swift */; };
		6FDFCFF31CBE80F700EEA71A /* ViewController.swift in Sources */ = {isa = PBXBuildFile; fileRef = 6FDFCFF21CBE80F700EEA71A /* ViewController.swift */; };
		6FDFCFF61CBE80F700EEA71A /* Main.storyboard in Resources */ = {isa = PBXBuildFile; fileRef = 6FDFCFF41CBE80F700EEA71A /* Main.storyboard */; };
		6FDFCFF81CBE80F700EEA71A /* Assets.xcassets in Resources */ = {isa = PBXBuildFile; fileRef = 6FDFCFF71CBE80F700EEA71A /* Assets.xcassets */; };
		6FDFCFFB1CBE80F700EEA71A /* LaunchScreen.storyboard in Resources */ = {isa = PBXBuildFile; fileRef = 6FDFCFF91CBE80F700EEA71A /* LaunchScreen.storyboard */; };
		6FDFD0061CBE80F700EEA71A /* PokeDexTests.swift in Sources */ = {isa = PBXBuildFile; fileRef = 6FDFD0051CBE80F700EEA71A /* PokeDexTests.swift */; };
		6FDFD0111CBE80F700EEA71A /* PokeDexUITests.swift in Sources */ = {isa = PBXBuildFile; fileRef = 6FDFD0101CBE80F700EEA71A /* PokeDexUITests.swift */; };
		6FDFD01F1CBE8D6E00EEA71A /* pokemon.csv in Resources */ = {isa = PBXBuildFile; fileRef = 6FDFD01E1CBE8D6E00EEA71A /* pokemon.csv */; };
		6FDFD0221CBE8F2900EEA71A /* Pokemon.swift in Sources */ = {isa = PBXBuildFile; fileRef = 6FDFD0211CBE8F2900EEA71A /* Pokemon.swift */; };
		6FDFD0271CBE9CEC00EEA71A /* PokeCell.swift in Sources */ = {isa = PBXBuildFile; fileRef = 6FDFD0261CBE9CEC00EEA71A /* PokeCell.swift */; };
		6FDFD02A1CBEB43E00EEA71A /* csv.swift in Sources */ = {isa = PBXBuildFile; fileRef = 6FDFD0291CBEB43E00EEA71A /* csv.swift */; };
		6FDFD02E1CBEB9CB00EEA71A /* Pokemon.ttf in Resources */ = {isa = PBXBuildFile; fileRef = 6FDFD02D1CBEB9CB00EEA71A /* Pokemon.ttf */; };
		6FDFD0301CBEBDEB00EEA71A /* music.mp3 in Resources */ = {isa = PBXBuildFile; fileRef = 6FDFD02F1CBEBDEB00EEA71A /* music.mp3 */; };
/* End PBXBuildFile section */

/* Begin PBXContainerItemProxy section */
		6FDFD0021CBE80F700EEA71A /* PBXContainerItemProxy */ = {
			isa = PBXContainerItemProxy;
			containerPortal = 6FDFCFE51CBE80F700EEA71A /* Project object */;
			proxyType = 1;
			remoteGlobalIDString = 6FDFCFEC1CBE80F700EEA71A;
			remoteInfo = PokeDex;
		};
		6FDFD00D1CBE80F700EEA71A /* PBXContainerItemProxy */ = {
			isa = PBXContainerItemProxy;
			containerPortal = 6FDFCFE51CBE80F700EEA71A /* Project object */;
			proxyType = 1;
			remoteGlobalIDString = 6FDFCFEC1CBE80F700EEA71A;
			remoteInfo = PokeDex;
		};
/* End PBXContainerItemProxy section */

/* Begin PBXFileReference section */
		6FDFCFED1CBE80F700EEA71A /* PokeDex.app */ = {isa = PBXFileReference; explicitFileType = wrapper.application; includeInIndex = 0; path = PokeDex.app; sourceTree = BUILT_PRODUCTS_DIR; };
		6FDFCFF01CBE80F700EEA71A /* AppDelegate.swift */ = {isa = PBXFileReference; lastKnownFileType = sourcecode.swift; path = AppDelegate.swift; sourceTree = "<group>"; };
		6FDFCFF21CBE80F700EEA71A /* ViewController.swift */ = {isa = PBXFileReference; lastKnownFileType = sourcecode.swift; path = ViewController.swift; sourceTree = "<group>"; };
		6FDFCFF51CBE80F700EEA71A /* Base */ = {isa = PBXFileReference; lastKnownFileType = file.storyboard; name = Base; path = Base.lproj/Main.storyboard; sourceTree = "<group>"; };
		6FDFCFF71CBE80F700EEA71A /* Assets.xcassets */ = {isa = PBXFileReference; lastKnownFileType = folder.assetcatalog; path = Assets.xcassets; sourceTree = "<group>"; };
		6FDFCFFA1CBE80F700EEA71A /* Base */ = {isa = PBXFileReference; lastKnownFileType = file.storyboard; name = Base; path = Base.lproj/LaunchScreen.storyboard; sourceTree = "<group>"; };
		6FDFCFFC1CBE80F700EEA71A /* Info.plist */ = {isa = PBXFileReference; lastKnownFileType = text.plist.xml; path = Info.plist; sourceTree = "<group>"; };
		6FDFD0011CBE80F700EEA71A /* PokeDexTests.xctest */ = {isa = PBXFileReference; explicitFileType = wrapper.cfbundle; includeInIndex = 0; path = PokeDexTests.xctest; sourceTree = BUILT_PRODUCTS_DIR; };
		6FDFD0051CBE80F700EEA71A /* PokeDexTests.swift */ = {isa = PBXFileReference; lastKnownFileType = sourcecode.swift; path = PokeDexTests.swift; sourceTree = "<group>"; };
		6FDFD0071CBE80F700EEA71A /* Info.plist */ = {isa = PBXFileReference; lastKnownFileType = text.plist.xml; path = Info.plist; sourceTree = "<group>"; };
		6FDFD00C1CBE80F700EEA71A /* PokeDexUITests.xctest */ = {isa = PBXFileReference; explicitFileType = wrapper.cfbundle; includeInIndex = 0; path = PokeDexUITests.xctest; sourceTree = BUILT_PRODUCTS_DIR; };
		6FDFD0101CBE80F700EEA71A /* PokeDexUITests.swift */ = {isa = PBXFileReference; lastKnownFileType = sourcecode.swift; path = PokeDexUITests.swift; sourceTree = "<group>"; };
		6FDFD0121CBE80F700EEA71A /* Info.plist */ = {isa = PBXFileReference; lastKnownFileType = text.plist.xml; path = Info.plist; sourceTree = "<group>"; };
		6FDFD01E1CBE8D6E00EEA71A /* pokemon.csv */ = {isa = PBXFileReference; fileEncoding = 4; lastKnownFileType = text; path = pokemon.csv; sourceTree = "<group>"; };
		6FDFD0211CBE8F2900EEA71A /* Pokemon.swift */ = {isa = PBXFileReference; fileEncoding = 4; lastKnownFileType = sourcecode.swift; path = Pokemon.swift; sourceTree = "<group>"; };
		6FDFD0261CBE9CEC00EEA71A /* PokeCell.swift */ = {isa = PBXFileReference; fileEncoding = 4; lastKnownFileType = sourcecode.swift; path = PokeCell.swift; sourceTree = "<group>"; };
		6FDFD0291CBEB43E00EEA71A /* csv.swift */ = {isa = PBXFileReference; fileEncoding = 4; lastKnownFileType = sourcecode.swift; path = csv.swift; sourceTree = "<group>"; };
		6FDFD02D1CBEB9CB00EEA71A /* Pokemon.ttf */ = {isa = PBXFileReference; lastKnownFileType = file; path = Pokemon.ttf; sourceTree = "<group>"; };
		6FDFD02F1CBEBDEB00EEA71A /* music.mp3 */ = {isa = PBXFileReference; lastKnownFileType = audio.mp3; path = music.mp3; sourceTree = "<group>"; };
/* End PBXFileReference section */

/* Begin PBXFrameworksBuildPhase section */
		6FDFCFEA1CBE80F700EEA71A /* Frameworks */ = {
			isa = PBXFrameworksBuildPhase;
			buildActionMask = 2147483647;
			files = (
			);
			runOnlyForDeploymentPostprocessing = 0;
		};
		6FDFCFFE1CBE80F700EEA71A /* Frameworks */ = {
			isa = PBXFrameworksBuildPhase;
			buildActionMask = 2147483647;
			files = (
			);
			runOnlyForDeploymentPostprocessing = 0;
		};
		6FDFD0091CBE80F700EEA71A /* Frameworks */ = {
			isa = PBXFrameworksBuildPhase;
			buildActionMask = 2147483647;
			files = (
			);
			runOnlyForDeploymentPostprocessing = 0;
		};
/* End PBXFrameworksBuildPhase section */

/* Begin PBXGroup section */
		6FDFCFE41CBE80F700EEA71A = {
			isa = PBXGroup;
			children = (
				6FDFCFEF1CBE80F700EEA71A /* PokeDex */,
				6FDFD0041CBE80F700EEA71A /* PokeDexTests */,
				6FDFD00F1CBE80F700EEA71A /* PokeDexUITests */,
				6FDFCFEE1CBE80F700EEA71A /* Products */,
			);
			sourceTree = "<group>";
		};
		6FDFCFEE1CBE80F700EEA71A /* Products */ = {
			isa = PBXGroup;
			children = (
				6FDFCFED1CBE80F700EEA71A /* PokeDex.app */,
				6FDFD0011CBE80F700EEA71A /* PokeDexTests.xctest */,
				6FDFD00C1CBE80F700EEA71A /* PokeDexUITests.xctest */,
			);
			name = Products;
			sourceTree = "<group>";
		};
		6FDFCFEF1CBE80F700EEA71A /* PokeDex */ = {
			isa = PBXGroup;
			children = (
				6FDFD02C1CBEB45900EEA71A /* Resources */,
				6FDFD02B1CBEB44B00EEA71A /* Controller */,
				6FDFD0281CBEB43200EEA71A /* Util */,
				6FDFD0201CBE8F1C00EEA71A /* Model */,
				6FDFD0231CBE9C6A00EEA71A /* View */,
				6FDFCFF01CBE80F700EEA71A /* AppDelegate.swift */,
				6FDFCFF41CBE80F700EEA71A /* Main.storyboard */,
				6FDFCFF71CBE80F700EEA71A /* Assets.xcassets */,
				6FDFCFF91CBE80F700EEA71A /* LaunchScreen.storyboard */,
				6FDFCFFC1CBE80F700EEA71A /* Info.plist */,
			);
			path = PokeDex;
			sourceTree = "<group>";
		};
		6FDFD0041CBE80F700EEA71A /* PokeDexTests */ = {
			isa = PBXGroup;
			children = (
				6FDFD0051CBE80F700EEA71A /* PokeDexTests.swift */,
				6FDFD0071CBE80F700EEA71A /* Info.plist */,
			);
			path = PokeDexTests;
			sourceTree = "<group>";
		};
		6FDFD00F1CBE80F700EEA71A /* PokeDexUITests */ = {
			isa = PBXGroup;
			children = (
				6FDFD0101CBE80F700EEA71A /* PokeDexUITests.swift */,
				6FDFD0121CBE80F700EEA71A /* Info.plist */,
			);
			path = PokeDexUITests;
			sourceTree = "<group>";
		};
		6FDFD0201CBE8F1C00EEA71A /* Model */ = {
			isa = PBXGroup;
			children = (
				6FDFD0211CBE8F2900EEA71A /* Pokemon.swift */,
			);
			name = Model;
			sourceTree = "<group>";
		};
		6FDFD0231CBE9C6A00EEA71A /* View */ = {
			isa = PBXGroup;
			children = (
				6FDFD0261CBE9CEC00EEA71A /* PokeCell.swift */,
			);
			name = View;
			sourceTree = "<group>";
		};
		6FDFD0281CBEB43200EEA71A /* Util */ = {
			isa = PBXGroup;
			children = (
				6FDFD0291CBEB43E00EEA71A /* csv.swift */,
			);
			name = Util;
			sourceTree = "<group>";
		};
		6FDFD02B1CBEB44B00EEA71A /* Controller */ = {
			isa = PBXGroup;
			children = (
				6FDFCFF21CBE80F700EEA71A /* ViewController.swift */,
			);
			name = Controller;
			sourceTree = "<group>";
		};
		6FDFD02C1CBEB45900EEA71A /* Resources */ = {
			isa = PBXGroup;
			children = (
				6FDFD02F1CBEBDEB00EEA71A /* music.mp3 */,
				6FDFD02D1CBEB9CB00EEA71A /* Pokemon.ttf */,
				6FDFD01E1CBE8D6E00EEA71A /* pokemon.csv */,
			);
			name = Resources;
			sourceTree = "<group>";
		};
/* End PBXGroup section */

/* Begin PBXNativeTarget section */
		6FDFCFEC1CBE80F700EEA71A /* PokeDex */ = {
			isa = PBXNativeTarget;
			buildConfigurationList = 6FDFD0151CBE80F700EEA71A /* Build configuration list for PBXNativeTarget "PokeDex" */;
			buildPhases = (
				6FDFCFE91CBE80F700EEA71A /* Sources */,
				6FDFCFEA1CBE80F700EEA71A /* Frameworks */,
				6FDFCFEB1CBE80F700EEA71A /* Resources */,
			);
			buildRules = (
			);
			dependencies = (
			);
			name = PokeDex;
			productName = PokeDex;
			productReference = 6FDFCFED1CBE80F700EEA71A /* PokeDex.app */;
			productType = "com.apple.product-type.application";
		};
		6FDFD0001CBE80F700EEA71A /* PokeDexTests */ = {
			isa = PBXNativeTarget;
			buildConfigurationList = 6FDFD0181CBE80F700EEA71A /* Build configuration list for PBXNativeTarget "PokeDexTests" */;
			buildPhases = (
				6FDFCFFD1CBE80F700EEA71A /* Sources */,
				6FDFCFFE1CBE80F700EEA71A /* Frameworks */,
				6FDFCFFF1CBE80F700EEA71A /* Resources */,
			);
			buildRules = (
			);
			dependencies = (
				6FDFD0031CBE80F700EEA71A /* PBXTargetDependency */,
			);
			name = PokeDexTests;
			productName = PokeDexTests;
			productReference = 6FDFD0011CBE80F700EEA71A /* PokeDexTests.xctest */;
			productType = "com.apple.product-type.bundle.unit-test";
		};
		6FDFD00B1CBE80F700EEA71A /* PokeDexUITests */ = {
			isa = PBXNativeTarget;
			buildConfigurationList = 6FDFD01B1CBE80F700EEA71A /* Build configuration list for PBXNativeTarget "PokeDexUITests" */;
			buildPhases = (
				6FDFD0081CBE80F700EEA71A /* Sources */,
				6FDFD0091CBE80F700EEA71A /* Frameworks */,
				6FDFD00A1CBE80F700EEA71A /* Resources */,
			);
			buildRules = (
			);
			dependencies = (
				6FDFD00E1CBE80F700EEA71A /* PBXTargetDependency */,
			);
			name = PokeDexUITests;
			productName = PokeDexUITests;
			productReference = 6FDFD00C1CBE80F700EEA71A /* PokeDexUITests.xctest */;
			productType = "com.apple.product-type.bundle.ui-testing";
		};
/* End PBXNativeTarget section */

/* Begin PBXProject section */
		6FDFCFE51CBE80F700EEA71A /* Project object */ = {
			isa = PBXProject;
			attributes = {
				LastSwiftUpdateCheck = 0720;
				LastUpgradeCheck = 0720;
				ORGANIZATIONNAME = "Andrew's Personal";
				TargetAttributes = {
					6FDFCFEC1CBE80F700EEA71A = {
						CreatedOnToolsVersion = 7.2.1;
						DevelopmentTeam = 3J34Z2C58S;
					};
					6FDFD0001CBE80F700EEA71A = {
						CreatedOnToolsVersion = 7.2.1;
						DevelopmentTeam = 3J34Z2C58S;
						TestTargetID = 6FDFCFEC1CBE80F700EEA71A;
					};
					6FDFD00B1CBE80F700EEA71A = {
						CreatedOnToolsVersion = 7.2.1;
						DevelopmentTeam = 3J34Z2C58S;
						TestTargetID = 6FDFCFEC1CBE80F700EEA71A;
					};
				};
			};
			buildConfigurationList = 6FDFCFE81CBE80F700EEA71A /* Build configuration list for PBXProject "PokeDex" */;
			compatibilityVersion = "Xcode 3.2";
			developmentRegion = English;
			hasScannedForEncodings = 0;
			knownRegions = (
				en,
				Base,
			);
			mainGroup = 6FDFCFE41CBE80F700EEA71A;
			productRefGroup = 6FDFCFEE1CBE80F700EEA71A /* Products */;
			projectDirPath = "";
			projectRoot = "";
			targets = (
				6FDFCFEC1CBE80F700EEA71A /* PokeDex */,
				6FDFD0001CBE80F700EEA71A /* PokeDexTests */,
				6FDFD00B1CBE80F700EEA71A /* PokeDexUITests */,
			);
		};
/* End PBXProject section */

/* Begin PBXResourcesBuildPhase section */
		6FDFCFEB1CBE80F700EEA71A /* Resources */ = {
			isa = PBXResourcesBuildPhase;
			buildActionMask = 2147483647;
			files = (
				6FDFD02E1CBEB9CB00EEA71A /* Pokemon.ttf in Resources */,
				6FDFCFFB1CBE80F700EEA71A /* LaunchScreen.storyboard in Resources */,
				6FDFD0301CBEBDEB00EEA71A /* music.mp3 in Resources */,
				6FDFCFF81CBE80F700EEA71A /* Assets.xcassets in Resources */,
				6FDFD01F1CBE8D6E00EEA71A /* pokemon.csv in Resources */,
				6FDFCFF61CBE80F700EEA71A /* Main.storyboard in Resources */,
			);
			runOnlyForDeploymentPostprocessing = 0;
		};
		6FDFCFFF1CBE80F700EEA71A /* Resources */ = {
			isa = PBXResourcesBuildPhase;
			buildActionMask = 2147483647;
			files = (
			);
			runOnlyForDeploymentPostprocessing = 0;
		};
		6FDFD00A1CBE80F700EEA71A /* Resources */ = {
			isa = PBXResourcesBuildPhase;
			buildActionMask = 2147483647;
			files = (
			);
			runOnlyForDeploymentPostprocessing = 0;
		};
/* End PBXResourcesBuildPhase section */

/* Begin PBXSourcesBuildPhase section */
		6FDFCFE91CBE80F700EEA71A /* Sources */ = {
			isa = PBXSourcesBuildPhase;
			buildActionMask = 2147483647;
			files = (
				6FDFD0271CBE9CEC00EEA71A /* PokeCell.swift in Sources */,
				6FDFCFF31CBE80F700EEA71A /* ViewController.swift in Sources */,
				6FDFCFF11CBE80F700EEA71A /* AppDelegate.swift in Sources */,
				6FDFD0221CBE8F2900EEA71A /* Pokemon.swift in Sources */,
				6FDFD02A1CBEB43E00EEA71A /* csv.swift in Sources */,
			);
			runOnlyForDeploymentPostprocessing = 0;
		};
		6FDFCFFD1CBE80F700EEA71A /* Sources */ = {
			isa = PBXSourcesBuildPhase;
			buildActionMask = 2147483647;
			files = (
				6FDFD0061CBE80F700EEA71A /* PokeDexTests.swift in Sources */,
			);
			runOnlyForDeploymentPostprocessing = 0;
		};
		6FDFD0081CBE80F700EEA71A /* Sources */ = {
			isa = PBXSourcesBuildPhase;
			buildActionMask = 2147483647;
			files = (
				6FDFD0111CBE80F700EEA71A /* PokeDexUITests.swift in Sources */,
			);
			runOnlyForDeploymentPostprocessing = 0;
		};
/* End PBXSourcesBuildPhase section */

/* Begin PBXTargetDependency section */
		6FDFD0031CBE80F700EEA71A /* PBXTargetDependency */ = {
			isa = PBXTargetDependency;
			target = 6FDFCFEC1CBE80F700EEA71A /* PokeDex */;
			targetProxy = 6FDFD0021CBE80F700EEA71A /* PBXContainerItemProxy */;
		};
		6FDFD00E1CBE80F700EEA71A /* PBXTargetDependency */ = {
			isa = PBXTargetDependency;
			target = 6FDFCFEC1CBE80F700EEA71A /* PokeDex */;
			targetProxy = 6FDFD00D1CBE80F700EEA71A /* PBXContainerItemProxy */;
		};
/* End PBXTargetDependency section */

/* Begin PBXVariantGroup section */
		6FDFCFF41CBE80F700EEA71A /* Main.storyboard */ = {
			isa = PBXVariantGroup;
			children = (
				6FDFCFF51CBE80F700EEA71A /* Base */,
			);
			name = Main.storyboard;
			sourceTree = "<group>";
		};
		6FDFCFF91CBE80F700EEA71A /* LaunchScreen.storyboard */ = {
			isa = PBXVariantGroup;
			children = (
				6FDFCFFA1CBE80F700EEA71A /* Base */,
			);
			name = LaunchScreen.storyboard;
			sourceTree = "<group>";
		};
/* End PBXVariantGroup section */

/* Begin XCBuildConfiguration section */
		6FDFD0131CBE80F700EEA71A /* Debug */ = {
			isa = XCBuildConfiguration;
			buildSettings = {
				ALWAYS_SEARCH_USER_PATHS = NO;
				CLANG_CXX_LANGUAGE_STANDARD = "gnu++0x";
				CLANG_CXX_LIBRARY = "libc++";
				CLANG_ENABLE_MODULES = YES;
				CLANG_ENABLE_OBJC_ARC = YES;
				CLANG_WARN_BOOL_CONVERSION = YES;
				CLANG_WARN_CONSTANT_CONVERSION = YES;
				CLANG_WARN_DIRECT_OBJC_ISA_USAGE = YES_ERROR;
				CLANG_WARN_EMPTY_BODY = YES;
				CLANG_WARN_ENUM_CONVERSION = YES;
				CLANG_WARN_INT_CONVERSION = YES;
				CLANG_WARN_OBJC_ROOT_CLASS = YES_ERROR;
				CLANG_WARN_UNREACHABLE_CODE = YES;
				CLANG_WARN__DUPLICATE_METHOD_MATCH = YES;
				"CODE_SIGN_IDENTITY[sdk=iphoneos*]" = "iPhone Developer";
				COPY_PHASE_STRIP = NO;
				DEBUG_INFORMATION_FORMAT = dwarf;
				ENABLE_STRICT_OBJC_MSGSEND = YES;
				ENABLE_TESTABILITY = YES;
				GCC_C_LANGUAGE_STANDARD = gnu99;
				GCC_DYNAMIC_NO_PIC = NO;
				GCC_NO_COMMON_BLOCKS = YES;
				GCC_OPTIMIZATION_LEVEL = 0;
				GCC_PREPROCESSOR_DEFINITIONS = (
					"DEBUG=1",
					"$(inherited)",
				);
				GCC_WARN_64_TO_32_BIT_CONVERSION = YES;
				GCC_WARN_ABOUT_RETURN_TYPE = YES_ERROR;
				GCC_WARN_UNDECLARED_SELECTOR = YES;
				GCC_WARN_UNINITIALIZED_AUTOS = YES_AGGRESSIVE;
				GCC_WARN_UNUSED_FUNCTION = YES;
				GCC_WARN_UNUSED_VARIABLE = YES;
				IPHONEOS_DEPLOYMENT_TARGET = 9.2;
				MTL_ENABLE_DEBUG_INFO = YES;
				ONLY_ACTIVE_ARCH = YES;
				SDKROOT = iphoneos;
				SWIFT_OPTIMIZATION_LEVEL = "-Onone";
			};
			name = Debug;
		};
		6FDFD0141CBE80F700EEA71A /* Release */ = {
			isa = XCBuildConfiguration;
			buildSettings = {
				ALWAYS_SEARCH_USER_PATHS = NO;
				CLANG_CXX_LANGUAGE_STANDARD = "gnu++0x";
				CLANG_CXX_LIBRARY = "libc++";
				CLANG_ENABLE_MODULES = YES;
				CLANG_ENABLE_OBJC_ARC = YES;
				CLANG_WARN_BOOL_CONVERSION = YES;
				CLANG_WARN_CONSTANT_CONVERSION = YES;
				CLANG_WARN_DIRECT_OBJC_ISA_USAGE = YES_ERROR;
				CLANG_WARN_EMPTY_BODY = YES;
				CLANG_WARN_ENUM_CONVERSION = YES;
				CLANG_WARN_INT_CONVERSION = YES;
				CLANG_WARN_OBJC_ROOT_CLASS = YES_ERROR;
				CLANG_WARN_UNREACHABLE_CODE = YES;
				CLANG_WARN__DUPLICATE_METHOD_MATCH = YES;
				"CODE_SIGN_IDENTITY[sdk=iphoneos*]" = "iPhone Developer";
				COPY_PHASE_STRIP = NO;
				DEBUG_INFORMATION_FORMAT = "dwarf-with-dsym";
				ENABLE_NS_ASSERTIONS = NO;
				ENABLE_STRICT_OBJC_MSGSEND = YES;
				GCC_C_LANGUAGE_STANDARD = gnu99;
				GCC_NO_COMMON_BLOCKS = YES;
				GCC_WARN_64_TO_32_BIT_CONVERSION = YES;
				GCC_WARN_ABOUT_RETURN_TYPE = YES_ERROR;
				GCC_WARN_UNDECLARED_SELECTOR = YES;
				GCC_WARN_UNINITIALIZED_AUTOS = YES_AGGRESSIVE;
				GCC_WARN_UNUSED_FUNCTION = YES;
				GCC_WARN_UNUSED_VARIABLE = YES;
				IPHONEOS_DEPLOYMENT_TARGET = 9.2;
				MTL_ENABLE_DEBUG_INFO = NO;
				SDKROOT = iphoneos;
				VALIDATE_PRODUCT = YES;
			};
			name = Release;
		};
		6FDFD0161CBE80F700EEA71A /* Debug */ = {
			isa = XCBuildConfiguration;
			buildSettings = {
				ASSETCATALOG_COMPILER_APPICON_NAME = AppIcon;
				INFOPLIST_FILE = PokeDex/Info.plist;
				LD_RUNPATH_SEARCH_PATHS = "$(inherited) @executable_path/Frameworks";
				PRODUCT_BUNDLE_IDENTIFIER = com.AndrewPersonal.PokeDex;
				PRODUCT_NAME = "$(TARGET_NAME)";
			};
			name = Debug;
		};
		6FDFD0171CBE80F700EEA71A /* Release */ = {
			isa = XCBuildConfiguration;
			buildSettings = {
				ASSETCATALOG_COMPILER_APPICON_NAME = AppIcon;
				INFOPLIST_FILE = PokeDex/Info.plist;
				LD_RUNPATH_SEARCH_PATHS = "$(inherited) @executable_path/Frameworks";
				PRODUCT_BUNDLE_IDENTIFIER = com.AndrewPersonal.PokeDex;
				PRODUCT_NAME = "$(TARGET_NAME)";
			};
			name = Release;
		};
		6FDFD0191CBE80F700EEA71A /* Debug */ = {
			isa = XCBuildConfiguration;
			buildSettings = {
				BUNDLE_LOADER = "$(TEST_HOST)";
				INFOPLIST_FILE = PokeDexTests/Info.plist;
				LD_RUNPATH_SEARCH_PATHS = "$(inherited) @executable_path/Frameworks @loader_path/Frameworks";
				PRODUCT_BUNDLE_IDENTIFIER = com.AndrewPersonal.PokeDexTests;
				PRODUCT_NAME = "$(TARGET_NAME)";
				TEST_HOST = "$(BUILT_PRODUCTS_DIR)/PokeDex.app/PokeDex";
			};
			name = Debug;
		};
		6FDFD01A1CBE80F700EEA71A /* Release */ = {
			isa = XCBuildConfiguration;
			buildSettings = {
				BUNDLE_LOADER = "$(TEST_HOST)";
				INFOPLIST_FILE = PokeDexTests/Info.plist;
				LD_RUNPATH_SEARCH_PATHS = "$(inherited) @executable_path/Frameworks @loader_path/Frameworks";
				PRODUCT_BUNDLE_IDENTIFIER = com.AndrewPersonal.PokeDexTests;
				PRODUCT_NAME = "$(TARGET_NAME)";
				TEST_HOST = "$(BUILT_PRODUCTS_DIR)/PokeDex.app/PokeDex";
			};
			name = Release;
		};
		6FDFD01C1CBE80F700EEA71A /* Debug */ = {
			isa = XCBuildConfiguration;
			buildSettings = {
				INFOPLIST_FILE = PokeDexUITests/Info.plist;
				LD_RUNPATH_SEARCH_PATHS = "$(inherited) @executable_path/Frameworks @loader_path/Frameworks";
				PRODUCT_BUNDLE_IDENTIFIER = com.AndrewPersonal.PokeDexUITests;
				PRODUCT_NAME = "$(TARGET_NAME)";
				TEST_TARGET_NAME = PokeDex;
				USES_XCTRUNNER = YES;
			};
			name = Debug;
		};
		6FDFD01D1CBE80F700EEA71A /* Release */ = {
			isa = XCBuildConfiguration;
			buildSettings = {
				INFOPLIST_FILE = PokeDexUITests/Info.plist;
				LD_RUNPATH_SEARCH_PATHS = "$(inherited) @executable_path/Frameworks @loader_path/Frameworks";
				PRODUCT_BUNDLE_IDENTIFIER = com.AndrewPersonal.PokeDexUITests;
				PRODUCT_NAME = "$(TARGET_NAME)";
				TEST_TARGET_NAME = PokeDex;
				USES_XCTRUNNER = YES;
			};
			name = Release;
		};
/* End XCBuildConfiguration section */

/* Begin XCConfigurationList section */
		6FDFCFE81CBE80F700EEA71A /* Build configuration list for PBXProject "PokeDex" */ = {
			isa = XCConfigurationList;
			buildConfigurations = (
				6FDFD0131CBE80F700EEA71A /* Debug */,
				6FDFD0141CBE80F700EEA71A /* Release */,
			);
			defaultConfigurationIsVisible = 0;
			defaultConfigurationName = Release;
		};
		6FDFD0151CBE80F700EEA71A /* Build configuration list for PBXNativeTarget "PokeDex" */ = {
			isa = XCConfigurationList;
			buildConfigurations = (
				6FDFD0161CBE80F700EEA71A /* Debug */,
				6FDFD0171CBE80F700EEA71A /* Release */,
			);
			defaultConfigurationIsVisible = 0;
			defaultConfigurationName = Release;
		};
		6FDFD0181CBE80F700EEA71A /* Build configuration list for PBXNativeTarget "PokeDexTests" */ = {
			isa = XCConfigurationList;
			buildConfigurations = (
				6FDFD0191CBE80F700EEA71A /* Debug */,
				6FDFD01A1CBE80F700EEA71A /* Release */,
			);
			defaultConfigurationIsVisible = 0;
			defaultConfigurationName = Release;
		};
		6FDFD01B1CBE80F700EEA71A /* Build configuration list for PBXNativeTarget "PokeDexUITests" */ = {
			isa = XCConfigurationList;
			buildConfigurations = (
				6FDFD01C1CBE80F700EEA71A /* Debug */,
				6FDFD01D1CBE80F700EEA71A /* Release */,
			);
			defaultConfigurationIsVisible = 0;
			defaultConfigurationName = Release;
		};
/* End XCConfigurationList section */
	};
	rootObject = 6FDFCFE51CBE80F700EEA71A /* Project object */;
}
